
Microsoft Visual Studio Solution File, Format Version 12.00
# Visual Studio Version 16
VisualStudioVersion = 16.0.31829.152
MinimumVisualStudioVersion = 10.0.40219.1
Project("{FAE04EC0-301F-11D3-BF4B-00C04F79EFBC}") = "Tsk2WpfApp", "Tsk2WpfApp\Tsk2WpfApp.csproj", "{B800A4F1-83C3-415E-A557-C78933876CEA}"
EndProject
Global
	GlobalSection(SolutionConfigurationPlatforms) = preSolution
		Debug|Any CPU = Debug|Any CPU
		Release|Any CPU = Release|Any CPU
	EndGlobalSection
	GlobalSection(ProjectConfigurationPlatforms) = postSolution
		{B800A4F1-83C3-415E-A557-C78933876CEA}.Debug|Any CPU.ActiveCfg = Debug|Any CPU
		{B800A4F1-83C3-415E-A557-C78933876CEA}.Debug|Any CPU.Build.0 = Debug|Any CPU
		{B800A4F1-83C3-415E-A557-C78933876CEA}.Release|Any CPU.ActiveCfg = Release|Any CPU
		{B800A4F1-83C3-415E-A557-C78933876CEA}.Release|Any CPU.Build.0 = Release|Any CPU
	EndGlobalSection
	GlobalSection(SolutionProperties) = preSolution
		HideSolutionNode = FALSE
	EndGlobalSection
	GlobalSection(ExtensibilityGlobals) = postSolution
		SolutionGuid = {89615E79-A6DF-4C9B-9C68-2EA90CB34BF6}
	EndGlobalSection
EndGlobal
